
Microsoft Visual Studio Solution File, Format Version 12.00
# Visual Studio Version 17
VisualStudioVersion = 17.14.36221.1 d17.14
MinimumVisualStudioVersion = 10.0.40219.1
Project("{FAE04EC0-301F-11D3-BF4B-00C04F79EFBC}") = "2-Control_Flow_Stuctures", "2-Control_Flow_Stuctures\2-Control_Flow_Stuctures.csproj", "{A084C89E-1843-4288-A90E-369C6F1F5311}"
EndProject
Global
	GlobalSection(SolutionConfigurationPlatforms) = preSolution
		Debug|Any CPU = Debug|Any CPU
		Release|Any CPU = Release|Any CPU
	EndGlobalSection
	GlobalSection(ProjectConfigurationPlatforms) = postSolution
		{A084C89E-1843-4288-A90E-369C6F1F5311}.Debug|Any CPU.ActiveCfg = Debug|Any CPU
		{A084C89E-1843-4288-A90E-369C6F1F5311}.Debug|Any CPU.Build.0 = Debug|Any CPU
		{A084C89E-1843-4288-A90E-369C6F1F5311}.Release|Any CPU.ActiveCfg = Release|Any CPU
		{A084C89E-1843-4288-A90E-369C6F1F5311}.Release|Any CPU.Build.0 = Release|Any CPU
	EndGlobalSection
	GlobalSection(SolutionProperties) = preSolution
		HideSolutionNode = FALSE
	EndGlobalSection
	GlobalSection(ExtensibilityGlobals) = postSolution
		SolutionGuid = {8545AD06-4520-4D1B-A574-038AC96A124C}
	EndGlobalSection
EndGlobal
